// !$*UTF8*$!
{
	archiveVersion = 1;
	classes = {
	};
	objectVersion = 46;
	objects = {

/* Begin PBXBuildFile section */
		B720A9971AF14BB500580341 /* AppDelegate.swift in Sources */ = {isa = PBXBuildFile; fileRef = B720A9961AF14BB500580341 /* AppDelegate.swift */; };
		B720A9991AF14BB500580341 /* MemeMeViewController.swift in Sources */ = {isa = PBXBuildFile; fileRef = B720A9981AF14BB500580341 /* MemeMeViewController.swift */; };
		B720A99C1AF14BB500580341 /* Main.storyboard in Resources */ = {isa = PBXBuildFile; fileRef = B720A99A1AF14BB500580341 /* Main.storyboard */; };
		B720A99E1AF14BB500580341 /* Images.xcassets in Resources */ = {isa = PBXBuildFile; fileRef = B720A99D1AF14BB500580341 /* Images.xcassets */; };
		B720A9A11AF14BB500580341 /* LaunchScreen.xib in Resources */ = {isa = PBXBuildFile; fileRef = B720A99F1AF14BB500580341 /* LaunchScreen.xib */; };
		B720A9AD1AF14BB500580341 /* MemeMeTests.swift in Sources */ = {isa = PBXBuildFile; fileRef = B720A9AC1AF14BB500580341 /* MemeMeTests.swift */; };
		B757B70D1B01155E001171F2 /* MemeImage.swift in Sources */ = {isa = PBXBuildFile; fileRef = B757B70C1B01155E001171F2 /* MemeImage.swift */; };
		B757B7171B018DED001171F2 /* MemeTextDelegate.swift in Sources */ = {isa = PBXBuildFile; fileRef = B757B7161B018DED001171F2 /* MemeTextDelegate.swift */; };
		B757B71D1B02C10D001171F2 /* DebugViewController.swift in Sources */ = {isa = PBXBuildFile; fileRef = B757B71C1B02C10D001171F2 /* DebugViewController.swift */; };
/* End PBXBuildFile section */

/* Begin PBXContainerItemProxy section */
		B720A9A71AF14BB500580341 /* PBXContainerItemProxy */ = {
			isa = PBXContainerItemProxy;
			containerPortal = B720A9891AF14BB500580341 /* Project object */;
			proxyType = 1;
			remoteGlobalIDString = B720A9901AF14BB500580341;
			remoteInfo = MemeMe;
		};
/* End PBXContainerItemProxy section */

/* Begin PBXFileReference section */
		B720A9911AF14BB500580341 /* MemeMe.app */ = {isa = PBXFileReference; explicitFileType = wrapper.application; includeInIndex = 0; path = MemeMe.app; sourceTree = BUILT_PRODUCTS_DIR; };
		B720A9951AF14BB500580341 /* Info.plist */ = {isa = PBXFileReference; lastKnownFileType = text.plist.xml; path = Info.plist; sourceTree = "<group>"; };
		B720A9961AF14BB500580341 /* AppDelegate.swift */ = {isa = PBXFileReference; lastKnownFileType = sourcecode.swift; path = AppDelegate.swift; sourceTree = "<group>"; };
		B720A9981AF14BB500580341 /* MemeMeViewController.swift */ = {isa = PBXFileReference; lastKnownFileType = sourcecode.swift; path = MemeMeViewController.swift; sourceTree = "<group>"; };
		B720A99B1AF14BB500580341 /* Base */ = {isa = PBXFileReference; lastKnownFileType = file.storyboard; name = Base; path = Base.lproj/Main.storyboard; sourceTree = "<group>"; };
		B720A99D1AF14BB500580341 /* Images.xcassets */ = {isa = PBXFileReference; lastKnownFileType = folder.assetcatalog; path = Images.xcassets; sourceTree = "<group>"; };
		B720A9A01AF14BB500580341 /* Base */ = {isa = PBXFileReference; lastKnownFileType = file.xib; name = Base; path = Base.lproj/LaunchScreen.xib; sourceTree = "<group>"; };
		B720A9A61AF14BB500580341 /* MemeMeTests.xctest */ = {isa = PBXFileReference; explicitFileType = wrapper.cfbundle; includeInIndex = 0; path = MemeMeTests.xctest; sourceTree = BUILT_PRODUCTS_DIR; };
		B720A9AB1AF14BB500580341 /* Info.plist */ = {isa = PBXFileReference; lastKnownFileType = text.plist.xml; path = Info.plist; sourceTree = "<group>"; };
		B720A9AC1AF14BB500580341 /* MemeMeTests.swift */ = {isa = PBXFileReference; lastKnownFileType = sourcecode.swift; path = MemeMeTests.swift; sourceTree = "<group>"; };
		B757B70C1B01155E001171F2 /* MemeImage.swift */ = {isa = PBXFileReference; fileEncoding = 4; lastKnownFileType = sourcecode.swift; path = MemeImage.swift; sourceTree = "<group>"; };
		B757B7161B018DED001171F2 /* MemeTextDelegate.swift */ = {isa = PBXFileReference; fileEncoding = 4; lastKnownFileType = sourcecode.swift; path = MemeTextDelegate.swift; sourceTree = "<group>"; };
		B757B71C1B02C10D001171F2 /* DebugViewController.swift */ = {isa = PBXFileReference; fileEncoding = 4; lastKnownFileType = sourcecode.swift; path = DebugViewController.swift; sourceTree = "<group>"; };
/* End PBXFileReference section */

/* Begin PBXFrameworksBuildPhase section */
		B720A98E1AF14BB500580341 /* Frameworks */ = {
			isa = PBXFrameworksBuildPhase;
			buildActionMask = 2147483647;
			files = (
			);
			runOnlyForDeploymentPostprocessing = 0;
		};
		B720A9A31AF14BB500580341 /* Frameworks */ = {
			isa = PBXFrameworksBuildPhase;
			buildActionMask = 2147483647;
			files = (
			);
			runOnlyForDeploymentPostprocessing = 0;
		};
/* End PBXFrameworksBuildPhase section */

/* Begin PBXGroup section */
		B720A9881AF14BB500580341 = {
			isa = PBXGroup;
			children = (
				B720A9931AF14BB500580341 /* MemeMe */,
				B720A9A91AF14BB500580341 /* MemeMeTests */,
				B720A9921AF14BB500580341 /* Products */,
			);
			sourceTree = "<group>";
		};
		B720A9921AF14BB500580341 /* Products */ = {
			isa = PBXGroup;
			children = (
				B720A9911AF14BB500580341 /* MemeMe.app */,
				B720A9A61AF14BB500580341 /* MemeMeTests.xctest */,
			);
			name = Products;
			sourceTree = "<group>";
		};
		B720A9931AF14BB500580341 /* MemeMe */ = {
			isa = PBXGroup;
			children = (
				B720A9961AF14BB500580341 /* AppDelegate.swift */,
				B757B71C1B02C10D001171F2 /* DebugViewController.swift */,
				B720A9981AF14BB500580341 /* MemeMeViewController.swift */,
				B757B7161B018DED001171F2 /* MemeTextDelegate.swift */,
				B720A99A1AF14BB500580341 /* Main.storyboard */,
				B720A99D1AF14BB500580341 /* Images.xcassets */,
				B720A99F1AF14BB500580341 /* LaunchScreen.xib */,
				B720A9941AF14BB500580341 /* Supporting Files */,
				B757B70C1B01155E001171F2 /* MemeImage.swift */,
			);
			path = MemeMe;
			sourceTree = "<group>";
		};
		B720A9941AF14BB500580341 /* Supporting Files */ = {
			isa = PBXGroup;
			children = (
				B720A9951AF14BB500580341 /* Info.plist */,
			);
			name = "Supporting Files";
			sourceTree = "<group>";
		};
		B720A9A91AF14BB500580341 /* MemeMeTests */ = {
			isa = PBXGroup;
			children = (
				B720A9AC1AF14BB500580341 /* MemeMeTests.swift */,
				B720A9AA1AF14BB500580341 /* Supporting Files */,
			);
			path = MemeMeTests;
			sourceTree = "<group>";
		};
		B720A9AA1AF14BB500580341 /* Supporting Files */ = {
			isa = PBXGroup;
			children = (
				B720A9AB1AF14BB500580341 /* Info.plist */,
			);
			name = "Supporting Files";
			sourceTree = "<group>";
		};
/* End PBXGroup section */

/* Begin PBXNativeTarget section */
		B720A9901AF14BB500580341 /* MemeMe */ = {
			isa = PBXNativeTarget;
			buildConfigurationList = B720A9B01AF14BB500580341 /* Build configuration list for PBXNativeTarget "MemeMe" */;
			buildPhases = (
				B720A98D1AF14BB500580341 /* Sources */,
				B720A98E1AF14BB500580341 /* Frameworks */,
				B720A98F1AF14BB500580341 /* Resources */,
			);
			buildRules = (
			);
			dependencies = (
			);
			name = MemeMe;
			productName = MemeMe;
			productReference = B720A9911AF14BB500580341 /* MemeMe.app */;
			productType = "com.apple.product-type.application";
		};
		B720A9A51AF14BB500580341 /* MemeMeTests */ = {
			isa = PBXNativeTarget;
			buildConfigurationList = B720A9B31AF14BB500580341 /* Build configuration list for PBXNativeTarget "MemeMeTests" */;
			buildPhases = (
				B720A9A21AF14BB500580341 /* Sources */,
				B720A9A31AF14BB500580341 /* Frameworks */,
				B720A9A41AF14BB500580341 /* Resources */,
			);
			buildRules = (
			);
			dependencies = (
				B720A9A81AF14BB500580341 /* PBXTargetDependency */,
			);
			name = MemeMeTests;
			productName = MemeMeTests;
			productReference = B720A9A61AF14BB500580341 /* MemeMeTests.xctest */;
			productType = "com.apple.product-type.bundle.unit-test";
		};
/* End PBXNativeTarget section */

/* Begin PBXProject section */
		B720A9891AF14BB500580341 /* Project object */ = {
			isa = PBXProject;
			attributes = {
				LastUpgradeCheck = 0630;
				ORGANIZATIONNAME = "Brian Josel";
				TargetAttributes = {
					B720A9901AF14BB500580341 = {
						CreatedOnToolsVersion = 6.3.1;
					};
					B720A9A51AF14BB500580341 = {
						CreatedOnToolsVersion = 6.3.1;
						TestTargetID = B720A9901AF14BB500580341;
					};
				};
			};
			buildConfigurationList = B720A98C1AF14BB500580341 /* Build configuration list for PBXProject "MemeMe" */;
			compatibilityVersion = "Xcode 3.2";
			developmentRegion = English;
			hasScannedForEncodings = 0;
			knownRegions = (
				en,
				Base,
			);
			mainGroup = B720A9881AF14BB500580341;
			productRefGroup = B720A9921AF14BB500580341 /* Products */;
			projectDirPath = "";
			projectRoot = "";
			targets = (
				B720A9901AF14BB500580341 /* MemeMe */,
				B720A9A51AF14BB500580341 /* MemeMeTests */,
			);
		};
/* End PBXProject section */

/* Begin PBXResourcesBuildPhase section */
		B720A98F1AF14BB500580341 /* Resources */ = {
			isa = PBXResourcesBuildPhase;
			buildActionMask = 2147483647;
			files = (
				B720A99C1AF14BB500580341 /* Main.storyboard in Resources */,
				B720A9A11AF14BB500580341 /* LaunchScreen.xib in Resources */,
				B720A99E1AF14BB500580341 /* Images.xcassets in Resources */,
			);
			runOnlyForDeploymentPostprocessing = 0;
		};
		B720A9A41AF14BB500580341 /* Resources */ = {
			isa = PBXResourcesBuildPhase;
			buildActionMask = 2147483647;
			files = (
			);
			runOnlyForDeploymentPostprocessing = 0;
		};
/* End PBXResourcesBuildPhase section */

/* Begin PBXSourcesBuildPhase section */
		B720A98D1AF14BB500580341 /* Sources */ = {
			isa = PBXSourcesBuildPhase;
			buildActionMask = 2147483647;
			files = (
				B757B7171B018DED001171F2 /* MemeTextDelegate.swift in Sources */,
				B757B70D1B01155E001171F2 /* MemeImage.swift in Sources */,
				B720A9991AF14BB500580341 /* MemeMeViewController.swift in Sources */,
				B720A9971AF14BB500580341 /* AppDelegate.swift in Sources */,
				B757B71D1B02C10D001171F2 /* DebugViewController.swift in Sources */,
			);
			runOnlyForDeploymentPostprocessing = 0;
		};
		B720A9A21AF14BB500580341 /* Sources */ = {
			isa = PBXSourcesBuildPhase;
			buildActionMask = 2147483647;
			files = (
				B720A9AD1AF14BB500580341 /* MemeMeTests.swift in Sources */,
			);
			runOnlyForDeploymentPostprocessing = 0;
		};
/* End PBXSourcesBuildPhase section */

/* Begin PBXTargetDependency section */
		B720A9A81AF14BB500580341 /* PBXTargetDependency */ = {
			isa = PBXTargetDependency;
			target = B720A9901AF14BB500580341 /* MemeMe */;
			targetProxy = B720A9A71AF14BB500580341 /* PBXContainerItemProxy */;
		};
/* End PBXTargetDependency section */

/* Begin PBXVariantGroup section */
		B720A99A1AF14BB500580341 /* Main.storyboard */ = {
			isa = PBXVariantGroup;
			children = (
				B720A99B1AF14BB500580341 /* Base */,
			);
			name = Main.storyboard;
			sourceTree = "<group>";
		};
		B720A99F1AF14BB500580341 /* LaunchScreen.xib */ = {
			isa = PBXVariantGroup;
			children = (
				B720A9A01AF14BB500580341 /* Base */,
			);
			name = LaunchScreen.xib;
			sourceTree = "<group>";
		};
/* End PBXVariantGroup section */

/* Begin XCBuildConfiguration section */
		B720A9AE1AF14BB500580341 /* Debug */ = {
			isa = XCBuildConfiguration;
			buildSettings = {
				ALWAYS_SEARCH_USER_PATHS = NO;
				CLANG_CXX_LANGUAGE_STANDARD = "gnu++0x";
				CLANG_CXX_LIBRARY = "libc++";
				CLANG_ENABLE_MODULES = YES;
				CLANG_ENABLE_OBJC_ARC = YES;
				CLANG_WARN_BOOL_CONVERSION = YES;
				CLANG_WARN_CONSTANT_CONVERSION = YES;
				CLANG_WARN_DIRECT_OBJC_ISA_USAGE = YES_ERROR;
				CLANG_WARN_EMPTY_BODY = YES;
				CLANG_WARN_ENUM_CONVERSION = YES;
				CLANG_WARN_INT_CONVERSION = YES;
				CLANG_WARN_OBJC_ROOT_CLASS = YES_ERROR;
				CLANG_WARN_UNREACHABLE_CODE = YES;
				CLANG_WARN__DUPLICATE_METHOD_MATCH = YES;
				"CODE_SIGN_IDENTITY[sdk=iphoneos*]" = "iPhone Developer";
				COPY_PHASE_STRIP = NO;
				DEBUG_INFORMATION_FORMAT = "dwarf-with-dsym";
				ENABLE_STRICT_OBJC_MSGSEND = YES;
				GCC_C_LANGUAGE_STANDARD = gnu99;
				GCC_DYNAMIC_NO_PIC = NO;
				GCC_NO_COMMON_BLOCKS = YES;
				GCC_OPTIMIZATION_LEVEL = 0;
				GCC_PREPROCESSOR_DEFINITIONS = (
					"DEBUG=1",
					"$(inherited)",
				);
				GCC_SYMBOLS_PRIVATE_EXTERN = NO;
				GCC_WARN_64_TO_32_BIT_CONVERSION = YES;
				GCC_WARN_ABOUT_RETURN_TYPE = YES_ERROR;
				GCC_WARN_UNDECLARED_SELECTOR = YES;
				GCC_WARN_UNINITIALIZED_AUTOS = YES_AGGRESSIVE;
				GCC_WARN_UNUSED_FUNCTION = YES;
				GCC_WARN_UNUSED_VARIABLE = YES;
				IPHONEOS_DEPLOYMENT_TARGET = 8.3;
				MTL_ENABLE_DEBUG_INFO = YES;
				ONLY_ACTIVE_ARCH = YES;
				SDKROOT = iphoneos;
				SWIFT_OPTIMIZATION_LEVEL = "-Onone";
			};
			name = Debug;
		};
		B720A9AF1AF14BB500580341 /* Release */ = {
			isa = XCBuildConfiguration;
			buildSettings = {
				ALWAYS_SEARCH_USER_PATHS = NO;
				CLANG_CXX_LANGUAGE_STANDARD = "gnu++0x";
				CLANG_CXX_LIBRARY = "libc++";
				CLANG_ENABLE_MODULES = YES;
				CLANG_ENABLE_OBJC_ARC = YES;
				CLANG_WARN_BOOL_CONVERSION = YES;
				CLANG_WARN_CONSTANT_CONVERSION = YES;
				CLANG_WARN_DIRECT_OBJC_ISA_USAGE = YES_ERROR;
				CLANG_WARN_EMPTY_BODY = YES;
				CLANG_WARN_ENUM_CONVERSION = YES;
				CLANG_WARN_INT_CONVERSION = YES;
				CLANG_WARN_OBJC_ROOT_CLASS = YES_ERROR;
				CLANG_WARN_UNREACHABLE_CODE = YES;
				CLANG_WARN__DUPLICATE_METHOD_MATCH = YES;
				"CODE_SIGN_IDENTITY[sdk=iphoneos*]" = "iPhone Developer";
				COPY_PHASE_STRIP = NO;
				DEBUG_INFORMATION_FORMAT = "dwarf-with-dsym";
				ENABLE_NS_ASSERTIONS = NO;
				ENABLE_STRICT_OBJC_MSGSEND = YES;
				GCC_C_LANGUAGE_STANDARD = gnu99;
				GCC_NO_COMMON_BLOCKS = YES;
				GCC_WARN_64_TO_32_BIT_CONVERSION = YES;
				GCC_WARN_ABOUT_RETURN_TYPE = YES_ERROR;
				GCC_WARN_UNDECLARED_SELECTOR = YES;
				GCC_WARN_UNINITIALIZED_AUTOS = YES_AGGRESSIVE;
				GCC_WARN_UNUSED_FUNCTION = YES;
				GCC_WARN_UNUSED_VARIABLE = YES;
				IPHONEOS_DEPLOYMENT_TARGET = 8.3;
				MTL_ENABLE_DEBUG_INFO = NO;
				SDKROOT = iphoneos;
				VALIDATE_PRODUCT = YES;
			};
			name = Release;
		};
		B720A9B11AF14BB500580341 /* Debug */ = {
			isa = XCBuildConfiguration;
			buildSettings = {
				ASSETCATALOG_COMPILER_APPICON_NAME = AppIcon;
				INFOPLIST_FILE = MemeMe/Info.plist;
				LD_RUNPATH_SEARCH_PATHS = "$(inherited) @executable_path/Frameworks";
				PRODUCT_NAME = "$(TARGET_NAME)";
			};
			name = Debug;
		};
		B720A9B21AF14BB500580341 /* Release */ = {
			isa = XCBuildConfiguration;
			buildSettings = {
				ASSETCATALOG_COMPILER_APPICON_NAME = AppIcon;
				INFOPLIST_FILE = MemeMe/Info.plist;
				LD_RUNPATH_SEARCH_PATHS = "$(inherited) @executable_path/Frameworks";
				PRODUCT_NAME = "$(TARGET_NAME)";
			};
			name = Release;
		};
		B720A9B41AF14BB500580341 /* Debug */ = {
			isa = XCBuildConfiguration;
			buildSettings = {
				BUNDLE_LOADER = "$(TEST_HOST)";
				FRAMEWORK_SEARCH_PATHS = (
					"$(SDKROOT)/Developer/Library/Frameworks",
					"$(inherited)",
				);
				GCC_PREPROCESSOR_DEFINITIONS = (
					"DEBUG=1",
					"$(inherited)",
				);
				INFOPLIST_FILE = MemeMeTests/Info.plist;
				LD_RUNPATH_SEARCH_PATHS = "$(inherited) @executable_path/Frameworks @loader_path/Frameworks";
				PRODUCT_NAME = "$(TARGET_NAME)";
				TEST_HOST = "$(BUILT_PRODUCTS_DIR)/MemeMe.app/MemeMe";
			};
			name = Debug;
		};
		B720A9B51AF14BB500580341 /* Release */ = {
			isa = XCBuildConfiguration;
			buildSettings = {
				BUNDLE_LOADER = "$(TEST_HOST)";
				FRAMEWORK_SEARCH_PATHS = (
					"$(SDKROOT)/Developer/Library/Frameworks",
					"$(inherited)",
				);
				INFOPLIST_FILE = MemeMeTests/Info.plist;
				LD_RUNPATH_SEARCH_PATHS = "$(inherited) @executable_path/Frameworks @loader_path/Frameworks";
				PRODUCT_NAME = "$(TARGET_NAME)";
				TEST_HOST = "$(BUILT_PRODUCTS_DIR)/MemeMe.app/MemeMe";
			};
			name = Release;
		};
/* End XCBuildConfiguration section */

/* Begin XCConfigurationList section */
		B720A98C1AF14BB500580341 /* Build configuration list for PBXProject "MemeMe" */ = {
			isa = XCConfigurationList;
			buildConfigurations = (
				B720A9AE1AF14BB500580341 /* Debug */,
				B720A9AF1AF14BB500580341 /* Release */,
			);
			defaultConfigurationIsVisible = 0;
			defaultConfigurationName = Release;
		};
		B720A9B01AF14BB500580341 /* Build configuration list for PBXNativeTarget "MemeMe" */ = {
			isa = XCConfigurationList;
			buildConfigurations = (
				B720A9B11AF14BB500580341 /* Debug */,
				B720A9B21AF14BB500580341 /* Release */,
			);
			defaultConfigurationIsVisible = 0;
			defaultConfigurationName = Release;
		};
		B720A9B31AF14BB500580341 /* Build configuration list for PBXNativeTarget "MemeMeTests" */ = {
			isa = XCConfigurationList;
			buildConfigurations = (
				B720A9B41AF14BB500580341 /* Debug */,
				B720A9B51AF14BB500580341 /* Release */,
			);
			defaultConfigurationIsVisible = 0;
			defaultConfigurationName = Release;
		};
/* End XCConfigurationList section */
	};
	rootObject = B720A9891AF14BB500580341 /* Project object */;
}
